
Microsoft Visual Studio Solution File, Format Version 12.00
# Visual Studio Version 16
VisualStudioVersion = 16.0.31605.320
MinimumVisualStudioVersion = 10.0.40219.1
Project("{FAE04EC0-301F-11D3-BF4B-00C04F79EFBC}") = "PracticaFormGrid", "PracticaFormGrid\PracticaFormGrid.csproj", "{010A64CB-248B-4AD4-B643-20A95658C36A}"
EndProject
Project("{FAE04EC0-301F-11D3-BF4B-00C04F79EFBC}") = "GridView2Form", "GridView2Form\GridView2Form.csproj", "{C2EB704A-48FE-4AE2-8FD0-79198D094838}"
EndProject
Global
	GlobalSection(SolutionConfigurationPlatforms) = preSolution
		Debug|Any CPU = Debug|Any CPU
		Release|Any CPU = Release|Any CPU
	EndGlobalSection
	GlobalSection(ProjectConfigurationPlatforms) = postSolution
		{010A64CB-248B-4AD4-B643-20A95658C36A}.Debug|Any CPU.ActiveCfg = Debug|Any CPU
		{010A64CB-248B-4AD4-B643-20A95658C36A}.Debug|Any CPU.Build.0 = Debug|Any CPU
		{010A64CB-248B-4AD4-B643-20A95658C36A}.Release|Any CPU.ActiveCfg = Release|Any CPU
		{010A64CB-248B-4AD4-B643-20A95658C36A}.Release|Any CPU.Build.0 = Release|Any CPU
		{C2EB704A-48FE-4AE2-8FD0-79198D094838}.Debug|Any CPU.ActiveCfg = Debug|Any CPU
		{C2EB704A-48FE-4AE2-8FD0-79198D094838}.Debug|Any CPU.Build.0 = Debug|Any CPU
		{C2EB704A-48FE-4AE2-8FD0-79198D094838}.Release|Any CPU.ActiveCfg = Release|Any CPU
		{C2EB704A-48FE-4AE2-8FD0-79198D094838}.Release|Any CPU.Build.0 = Release|Any CPU
	EndGlobalSection
	GlobalSection(SolutionProperties) = preSolution
		HideSolutionNode = FALSE
	EndGlobalSection
	GlobalSection(ExtensibilityGlobals) = postSolution
		SolutionGuid = {680D8CD6-03B1-4D3F-8276-1C5E81C0942C}
	EndGlobalSection
EndGlobal
